{
  "name": "@quenk/tdc",
  "version": "0.13.0",
  "lockfileVersion": 1,
  "requires": true,
  "dependencies": {
    "@quenk/jcon": {
      "version": "0.7.0",
      "requires": {
        "docopt": "0.6.2",
        "fluture": "5.0.0",
        "property-seek": "3.1.1",
        "source-map-support": "0.4.15"
      },
      "dependencies": {
        "@types/mocha": {
          "version": "2.2.41",
          "bundled": true
        },
        "@types/node": {
          "version": "7.0.39",
          "bundled": true
        },
        "JSONSelect": {
          "version": "0.4.0",
          "bundled": true
        },
        "JSV": {
          "version": "4.0.2",
          "bundled": true
        },
        "afpl": {
          "version": "0.4.0",
          "bundled": true
        },
        "amdefine": {
          "version": "1.0.1",
          "bundled": true,
          "optional": true
        },
        "ansi-styles": {
          "version": "3.2.0",
          "bundled": true,
          "requires": {
            "color-convert": "1.9.0"
          }
        },
        "arrify": {
          "version": "1.0.1",
          "bundled": true
        },
        "balanced-match": {
          "version": "1.0.0",
          "bundled": true
        },
        "brace-expansion": {
          "version": "1.1.8",
          "bundled": true,
          "requires": {
            "balanced-match": "1.0.0",
            "concat-map": "0.0.1"
          }
        },
        "browser-stdout": {
          "version": "1.3.0",
          "bundled": true
        },
        "chalk": {
          "version": "2.1.0",
          "bundled": true,
          "requires": {
            "ansi-styles": "3.2.0",
            "escape-string-regexp": "1.0.5",
            "supports-color": "4.2.1"
          },
          "dependencies": {
            "has-flag": {
              "version": "2.0.0",
              "bundled": true
            },
            "supports-color": {
              "version": "4.2.1",
              "bundled": true,
              "requires": {
                "has-flag": "2.0.0"
              }
            }
          }
        },
        "cjson": {
          "version": "0.3.0",
          "bundled": true,
          "requires": {
            "jsonlint": "1.6.0"
          }
        },
        "color-convert": {
          "version": "1.9.0",
          "bundled": true,
          "requires": {
            "color-name": "1.1.3"
          }
        },
        "color-name": {
          "version": "1.1.3",
          "bundled": true
        },
        "colors": {
          "version": "0.5.1",
          "bundled": true
        },
        "commander": {
          "version": "2.9.0",
          "bundled": true,
          "requires": {
            "graceful-readlink": "1.0.1"
          }
        },
        "concat-map": {
          "version": "0.0.1",
          "bundled": true
        },
        "concurrify": {
          "version": "0.1.2",
          "bundled": true,
          "requires": {
            "sanctuary-type-classes": "4.0.0",
            "sanctuary-type-identifiers": "1.0.0"
          },
          "dependencies": {
            "sanctuary-type-classes": {
              "version": "4.0.0",
              "bundled": true,
              "requires": {
                "sanctuary-type-identifiers": "1.0.0"
              }
            }
          }
        },
        "debug": {
          "version": "2.6.8",
          "bundled": true,
          "requires": {
            "ms": "2.0.0"
          }
        },
        "diff": {
          "version": "3.2.0",
          "bundled": true
        },
        "docopt": {
          "version": "0.6.2",
          "bundled": true
        },
        "ebnf-parser": {
          "version": "0.1.10",
          "bundled": true
        },
        "egal": {
          "version": "1.3.0",
          "bundled": true,
          "requires": {
            "kindof": "2.0.0"
          }
        },
        "escape-string-regexp": {
          "version": "1.0.5",
          "bundled": true
        },
        "escodegen": {
          "version": "1.3.3",
          "bundled": true,
          "requires": {
            "esprima": "1.1.1",
            "estraverse": "1.5.1",
            "esutils": "1.0.0",
            "source-map": "0.1.43"
          },
          "dependencies": {
            "source-map": {
              "version": "0.1.43",
              "bundled": true,
              "optional": true,
              "requires": {
                "amdefine": "1.0.1"
              }
            }
          }
        },
        "esprima": {
          "version": "1.1.1",
          "bundled": true
        },
        "estraverse": {
          "version": "1.5.1",
          "bundled": true
        },
        "esutils": {
          "version": "1.0.0",
          "bundled": true
        },
        "fluture": {
          "version": "5.0.0",
          "bundled": true,
          "requires": {
            "concurrify": "0.1.2",
            "inspect-f": "1.2.1",
            "sanctuary-type-classes": "3.1.0",
            "sanctuary-type-identifiers": "1.0.0"
          }
        },
        "fs.realpath": {
          "version": "1.0.0",
          "bundled": true
        },
        "glob": {
          "version": "7.1.1",
          "bundled": true,
          "requires": {
            "fs.realpath": "1.0.0",
            "inflight": "1.0.6",
            "inherits": "2.0.3",
            "minimatch": "3.0.4",
            "once": "1.4.0",
            "path-is-absolute": "1.0.1"
          }
        },
        "graceful-readlink": {
          "version": "1.0.1",
          "bundled": true
        },
        "growl": {
          "version": "1.9.2",
          "bundled": true
        },
        "has-flag": {
          "version": "1.0.0",
          "bundled": true
        },
        "inflight": {
          "version": "1.0.6",
          "bundled": true,
          "requires": {
            "once": "1.4.0",
            "wrappy": "1.0.2"
          }
        },
        "inherits": {
          "version": "2.0.3",
          "bundled": true
        },
        "inspect-f": {
          "version": "1.2.1",
          "bundled": true
        },
        "jison": {
          "version": "0.4.17",
          "bundled": true,
          "requires": {
            "JSONSelect": "0.4.0",
            "cjson": "0.3.0",
            "ebnf-parser": "0.1.10",
            "escodegen": "1.3.3",
            "esprima": "1.1.1",
            "jison-lex": "0.3.4",
            "lex-parser": "0.1.4",
            "nomnom": "1.5.2"
          }
        },
        "jison-lex": {
          "version": "0.3.4",
          "bundled": true,
          "requires": {
            "lex-parser": "0.1.4",
            "nomnom": "1.5.2"
          }
        },
        "json-stringify-safe": {
          "version": "5.0.1",
          "bundled": true
        },
        "json3": {
          "version": "3.3.2",
          "bundled": true
        },
        "jsonlint": {
          "version": "1.6.0",
          "bundled": true,
          "requires": {
            "JSV": "4.0.2",
            "nomnom": "1.5.2"
          }
        },
        "kindof": {
          "version": "2.0.0",
          "bundled": true
        },
        "lex-parser": {
          "version": "0.1.4",
          "bundled": true
        },
        "lodash._baseassign": {
          "version": "3.2.0",
          "bundled": true,
          "requires": {
            "lodash._basecopy": "3.0.1",
            "lodash.keys": "3.1.2"
          }
        },
        "lodash._basecopy": {
          "version": "3.0.1",
          "bundled": true
        },
        "lodash._basecreate": {
          "version": "3.0.3",
          "bundled": true
        },
        "lodash._createwrapper": {
          "version": "3.2.0",
          "bundled": true,
          "requires": {
            "lodash._root": "3.0.1"
          }
        },
        "lodash._getnative": {
          "version": "3.9.1",
          "bundled": true
        },
        "lodash._isiterateecall": {
          "version": "3.0.9",
          "bundled": true
        },
        "lodash._root": {
          "version": "3.0.1",
          "bundled": true
        },
        "lodash.create": {
          "version": "3.1.1",
          "bundled": true,
          "requires": {
            "lodash._baseassign": "3.2.0",
            "lodash._basecreate": "3.0.3",
            "lodash._isiterateecall": "3.0.9"
          }
        },
        "lodash.isarguments": {
          "version": "3.1.0",
          "bundled": true
        },
        "lodash.isarray": {
          "version": "3.0.4",
          "bundled": true
        },
        "lodash.keys": {
          "version": "3.1.2",
          "bundled": true,
          "requires": {
            "lodash._getnative": "3.9.1",
            "lodash.isarguments": "3.1.0",
            "lodash.isarray": "3.0.4"
          }
        },
        "lodash.wrap": {
          "version": "3.0.1",
          "bundled": true,
          "requires": {
            "lodash._createwrapper": "3.2.0"
          }
        },
        "make-error": {
          "version": "1.3.0",
          "bundled": true
        },
        "minimatch": {
          "version": "3.0.4",
          "bundled": true,
          "requires": {
            "brace-expansion": "1.1.8"
          }
        },
        "minimist": {
          "version": "0.0.8",
          "bundled": true
        },
        "mkdirp": {
          "version": "0.5.1",
          "bundled": true,
          "requires": {
            "minimist": "0.0.8"
          }
        },
        "mocha": {
          "version": "3.5.0",
          "bundled": true,
          "requires": {
            "browser-stdout": "1.3.0",
            "commander": "2.9.0",
            "debug": "2.6.8",
            "diff": "3.2.0",
            "escape-string-regexp": "1.0.5",
            "glob": "7.1.1",
            "growl": "1.9.2",
            "json3": "3.3.2",
            "lodash.create": "3.1.1",
            "mkdirp": "0.5.1",
            "supports-color": "3.1.2"
          }
        },
        "ms": {
          "version": "2.0.0",
          "bundled": true
        },
        "must": {
          "version": "0.13.4",
          "bundled": true,
          "requires": {
            "egal": "1.3.0",
            "json-stringify-safe": "5.0.1",
            "kindof": "2.0.0",
            "lodash.wrap": "3.0.1",
            "oolong": "1.15.1"
          }
        },
        "nomnom": {
          "version": "1.5.2",
          "bundled": true,
          "requires": {
            "colors": "0.5.1",
            "underscore": "1.1.7"
          }
        },
        "once": {
          "version": "1.4.0",
          "bundled": true,
          "requires": {
            "wrappy": "1.0.2"
          }
        },
        "oolong": {
          "version": "1.15.1",
          "bundled": true
        },
        "path-is-absolute": {
          "version": "1.0.1",
          "bundled": true
        },
        "property-seek": {
          "version": "3.1.1",
          "bundled": true
        },
        "sanctuary-type-classes": {
          "version": "3.1.0",
          "bundled": true,
          "requires": {
            "sanctuary-type-identifiers": "1.0.0"
          }
        },
        "sanctuary-type-identifiers": {
          "version": "1.0.0",
          "bundled": true
        },
        "source-map": {
          "version": "0.5.6",
          "bundled": true
        },
        "source-map-support": {
          "version": "0.4.15",
          "bundled": true,
          "requires": {
            "source-map": "0.5.6"
          }
        },
        "strip-bom": {
          "version": "3.0.0",
          "bundled": true
        },
        "strip-json-comments": {
          "version": "2.0.1",
          "bundled": true
        },
        "supports-color": {
          "version": "3.1.2",
          "bundled": true,
          "requires": {
            "has-flag": "1.0.0"
          }
        },
        "ts-node": {
          "version": "3.3.0",
          "bundled": true,
          "requires": {
            "arrify": "1.0.1",
            "chalk": "2.1.0",
            "diff": "3.2.0",
            "make-error": "1.3.0",
            "minimist": "1.2.0",
            "mkdirp": "0.5.1",
            "source-map-support": "0.4.15",
            "tsconfig": "6.0.0",
            "v8flags": "3.0.0",
            "yn": "2.0.0"
          },
          "dependencies": {
            "minimist": {
              "version": "1.2.0",
              "bundled": true
            }
          }
        },
        "tsconfig": {
          "version": "6.0.0",
          "bundled": true,
          "requires": {
            "strip-bom": "3.0.0",
            "strip-json-comments": "2.0.1"
          }
        },
        "typescript": {
          "version": "2.4.2",
          "bundled": true
        },
        "underscore": {
          "version": "1.1.7",
          "bundled": true
        },
        "user-home": {
          "version": "1.1.1",
          "bundled": true
        },
        "v8flags": {
          "version": "3.0.0",
          "bundled": true,
          "requires": {
            "user-home": "1.1.1"
          }
        },
        "wrappy": {
          "version": "1.0.2",
          "bundled": true
        },
        "yn": {
          "version": "2.0.0",
          "bundled": true
        }
      }
    },
    "@quenk/rcl": {
      "version": "0.4.1",
      "dependencies": {
        "@types/mocha": {
          "version": "2.2.41",
          "bundled": true
        },
        "@types/node": {
          "version": "7.0.39",
          "bundled": true
        },
        "JSONSelect": {
          "version": "0.4.0",
          "bundled": true
        },
        "JSV": {
          "version": "4.0.2",
          "bundled": true
        },
        "afpl": {
          "version": "0.3.0",
          "bundled": true
        },
        "amdefine": {
          "version": "1.0.1",
          "bundled": true,
          "optional": true
        },
        "ansi-styles": {
          "version": "3.2.0",
          "bundled": true,
          "requires": {
            "color-convert": "1.9.0"
          }
        },
        "arrify": {
          "version": "1.0.1",
          "bundled": true
        },
        "balanced-match": {
          "version": "1.0.0",
          "bundled": true
        },
        "brace-expansion": {
          "version": "1.1.8",
          "bundled": true,
          "requires": {
            "balanced-match": "1.0.0",
            "concat-map": "0.0.1"
          }
        },
        "browser-stdout": {
          "version": "1.3.0",
          "bundled": true
        },
        "chalk": {
          "version": "2.1.0",
          "bundled": true,
          "requires": {
            "ansi-styles": "3.2.0",
            "escape-string-regexp": "1.0.5",
            "supports-color": "4.2.1"
          },
          "dependencies": {
            "has-flag": {
              "version": "2.0.0",
              "bundled": true
            },
            "supports-color": {
              "version": "4.2.1",
              "bundled": true,
              "requires": {
                "has-flag": "2.0.0"
              }
            }
          }
        },
        "cjson": {
          "version": "0.3.0",
          "bundled": true,
          "requires": {
            "jsonlint": "1.6.0"
          }
        },
        "color-convert": {
          "version": "1.9.0",
          "bundled": true,
          "requires": {
            "color-name": "1.1.3"
          }
        },
        "color-name": {
          "version": "1.1.3",
          "bundled": true
        },
        "colors": {
          "version": "0.5.1",
          "bundled": true
        },
        "commander": {
          "version": "2.9.0",
          "bundled": true,
          "requires": {
            "graceful-readlink": "1.0.1"
          }
        },
        "concat-map": {
          "version": "0.0.1",
          "bundled": true
        },
        "concurrify": {
          "version": "0.1.2",
          "bundled": true,
          "requires": {
            "sanctuary-type-classes": "4.0.0",
            "sanctuary-type-identifiers": "1.0.0"
          },
          "dependencies": {
            "sanctuary-type-classes": {
              "version": "4.0.0",
              "bundled": true,
              "requires": {
                "sanctuary-type-identifiers": "1.0.0"
              }
            }
          }
        },
        "debug": {
          "version": "2.6.8",
          "bundled": true,
          "requires": {
            "ms": "2.0.0"
          }
        },
        "diff": {
          "version": "3.2.0",
          "bundled": true
        },
        "docopt": {
          "version": "0.6.2",
          "bundled": true
        },
        "ebnf-parser": {
          "version": "0.1.10",
          "bundled": true
        },
        "egal": {
          "version": "1.3.0",
          "bundled": true,
          "requires": {
            "kindof": "2.0.0"
          }
        },
        "escape-string-regexp": {
          "version": "1.0.5",
          "bundled": true
        },
        "escodegen": {
          "version": "1.3.3",
          "bundled": true,
          "requires": {
            "esprima": "1.1.1",
            "estraverse": "1.5.1",
            "esutils": "1.0.0",
            "source-map": "0.1.43"
          },
          "dependencies": {
            "source-map": {
              "version": "0.1.43",
              "bundled": true,
              "optional": true,
              "requires": {
                "amdefine": "1.0.1"
              }
            }
          }
        },
        "esprima": {
          "version": "1.1.1",
          "bundled": true
        },
        "estraverse": {
          "version": "1.5.1",
          "bundled": true
        },
        "esutils": {
          "version": "1.0.0",
          "bundled": true
        },
        "fluture": {
          "version": "5.0.0",
          "bundled": true,
          "requires": {
            "concurrify": "0.1.2",
            "inspect-f": "1.2.1",
            "sanctuary-type-classes": "3.1.0",
            "sanctuary-type-identifiers": "1.0.0"
          }
        },
        "fs.realpath": {
          "version": "1.0.0",
          "bundled": true
        },
        "glob": {
          "version": "7.1.1",
          "bundled": true,
          "requires": {
            "fs.realpath": "1.0.0",
            "inflight": "1.0.6",
            "inherits": "2.0.3",
            "minimatch": "3.0.4",
            "once": "1.4.0",
            "path-is-absolute": "1.0.1"
          }
        },
        "graceful-readlink": {
          "version": "1.0.1",
          "bundled": true
        },
        "growl": {
          "version": "1.9.2",
          "bundled": true
        },
        "has-flag": {
          "version": "1.0.0",
          "bundled": true
        },
        "inflight": {
          "version": "1.0.6",
          "bundled": true,
          "requires": {
            "once": "1.4.0",
            "wrappy": "1.0.2"
          }
        },
        "inherits": {
          "version": "2.0.3",
          "bundled": true
        },
        "inspect-f": {
          "version": "1.2.1",
          "bundled": true
        },
        "jison": {
          "version": "0.4.17",
          "bundled": true,
          "requires": {
            "JSONSelect": "0.4.0",
            "cjson": "0.3.0",
            "ebnf-parser": "0.1.10",
            "escodegen": "1.3.3",
            "esprima": "1.1.1",
            "jison-lex": "0.3.4",
            "lex-parser": "0.1.4",
            "nomnom": "1.5.2"
          }
        },
        "jison-lex": {
          "version": "0.3.4",
          "bundled": true,
          "requires": {
            "lex-parser": "0.1.4",
            "nomnom": "1.5.2"
          }
        },
        "json-stringify-safe": {
          "version": "5.0.1",
          "bundled": true
        },
        "json3": {
          "version": "3.3.2",
          "bundled": true
        },
        "jsonlint": {
          "version": "1.6.0",
          "bundled": true,
          "requires": {
            "JSV": "4.0.2",
            "nomnom": "1.5.2"
          }
        },
        "kindof": {
          "version": "2.0.0",
          "bundled": true
        },
        "lex-parser": {
          "version": "0.1.4",
          "bundled": true
        },
        "lodash._baseassign": {
          "version": "3.2.0",
          "bundled": true,
          "requires": {
            "lodash._basecopy": "3.0.1",
            "lodash.keys": "3.1.2"
          }
        },
        "lodash._basecopy": {
          "version": "3.0.1",
          "bundled": true
        },
        "lodash._basecreate": {
          "version": "3.0.3",
          "bundled": true
        },
        "lodash._createwrapper": {
          "version": "3.2.0",
          "bundled": true,
          "requires": {
            "lodash._root": "3.0.1"
          }
        },
        "lodash._getnative": {
          "version": "3.9.1",
          "bundled": true
        },
        "lodash._isiterateecall": {
          "version": "3.0.9",
          "bundled": true
        },
        "lodash._root": {
          "version": "3.0.1",
          "bundled": true
        },
        "lodash.create": {
          "version": "3.1.1",
          "bundled": true,
          "requires": {
            "lodash._baseassign": "3.2.0",
            "lodash._basecreate": "3.0.3",
            "lodash._isiterateecall": "3.0.9"
          }
        },
        "lodash.isarguments": {
          "version": "3.1.0",
          "bundled": true
        },
        "lodash.isarray": {
          "version": "3.0.4",
          "bundled": true
        },
        "lodash.keys": {
          "version": "3.1.2",
          "bundled": true,
          "requires": {
            "lodash._getnative": "3.9.1",
            "lodash.isarguments": "3.1.0",
            "lodash.isarray": "3.0.4"
          }
        },
        "lodash.wrap": {
          "version": "3.0.1",
          "bundled": true,
          "requires": {
            "lodash._createwrapper": "3.2.0"
          }
        },
        "make-error": {
          "version": "1.3.0",
          "bundled": true
        },
        "minimatch": {
          "version": "3.0.4",
          "bundled": true,
          "requires": {
            "brace-expansion": "1.1.8"
          }
        },
        "minimist": {
          "version": "0.0.8",
          "bundled": true
        },
        "mkdirp": {
          "version": "0.5.1",
          "bundled": true,
          "requires": {
            "minimist": "0.0.8"
          }
        },
        "mocha": {
          "version": "3.5.0",
          "bundled": true,
          "requires": {
            "browser-stdout": "1.3.0",
            "commander": "2.9.0",
            "debug": "2.6.8",
            "diff": "3.2.0",
            "escape-string-regexp": "1.0.5",
            "glob": "7.1.1",
            "growl": "1.9.2",
            "json3": "3.3.2",
            "lodash.create": "3.1.1",
            "mkdirp": "0.5.1",
            "supports-color": "3.1.2"
          }
        },
        "ms": {
          "version": "2.0.0",
          "bundled": true
        },
        "must": {
          "version": "0.13.4",
          "bundled": true,
          "requires": {
            "egal": "1.3.0",
            "json-stringify-safe": "5.0.1",
            "kindof": "2.0.0",
            "lodash.wrap": "3.0.1",
            "oolong": "1.15.1"
          }
        },
        "nomnom": {
          "version": "1.5.2",
          "bundled": true,
          "requires": {
            "colors": "0.5.1",
            "underscore": "1.1.7"
          }
        },
        "once": {
          "version": "1.4.0",
          "bundled": true,
          "requires": {
            "wrappy": "1.0.2"
          }
        },
        "oolong": {
          "version": "1.15.1",
          "bundled": true
        },
        "path-is-absolute": {
          "version": "1.0.1",
          "bundled": true
        },
        "sanctuary-type-classes": {
          "version": "3.1.0",
          "bundled": true,
          "requires": {
            "sanctuary-type-identifiers": "1.0.0"
          }
        },
        "sanctuary-type-identifiers": {
          "version": "1.0.0",
          "bundled": true
        },
        "source-map": {
          "version": "0.5.6",
          "bundled": true
        },
        "source-map-support": {
          "version": "0.4.15",
          "bundled": true,
          "requires": {
            "source-map": "0.5.6"
          }
        },
        "strip-bom": {
          "version": "3.0.0",
          "bundled": true
        },
        "strip-json-comments": {
          "version": "2.0.1",
          "bundled": true
        },
        "supports-color": {
          "version": "3.1.2",
          "bundled": true,
          "requires": {
            "has-flag": "1.0.0"
          }
        },
        "ts-node": {
          "version": "3.3.0",
          "bundled": true,
          "requires": {
            "arrify": "1.0.1",
            "chalk": "2.1.0",
            "diff": "3.2.0",
            "make-error": "1.3.0",
            "minimist": "1.2.0",
            "mkdirp": "0.5.1",
            "source-map-support": "0.4.15",
            "tsconfig": "6.0.0",
            "v8flags": "3.0.0",
            "yn": "2.0.0"
          },
          "dependencies": {
            "minimist": {
              "version": "1.2.0",
              "bundled": true
            }
          }
        },
        "tsconfig": {
          "version": "6.0.0",
          "bundled": true,
          "requires": {
            "strip-bom": "3.0.0",
            "strip-json-comments": "2.0.1"
          }
        },
        "typescript": {
          "version": "2.4.2",
          "bundled": true
        },
        "underscore": {
          "version": "1.1.7",
          "bundled": true
        },
        "user-home": {
          "version": "1.1.1",
          "bundled": true
        },
        "v8flags": {
          "version": "3.0.0",
          "bundled": true,
          "requires": {
            "user-home": "1.1.1"
          }
        },
        "wrappy": {
          "version": "1.0.2",
          "bundled": true
        },
        "yn": {
          "version": "2.0.0",
          "bundled": true
        }
      }
    },
    "@types/bluebird": {
      "version": "3.5.12",
      "resolved": "https://registry.npmjs.org/@types/bluebird/-/bluebird-3.5.12.tgz",
      "integrity": "sha512-ILfYPIxcSxXk0S2AGCDwtjrIB2bo2TMIJwvJ/MZG7iQgGuj4Wc92ipMiLXaMCE/lgFWhzljEDuoTQXNHYwJhuA==",
      "dev": true
    },
    "@types/node": {
      "version": "https://registry.npmjs.org/@types/node/-/node-8.0.20.tgz",
      "integrity": "sha1-Zcc3UlXCSxhMIVpdC2MkfDLwHJE=",
      "dev": true
    },
    "afpl": {
      "version": "0.9.1",
      "resolved": "https://registry.npmjs.org/afpl/-/afpl-0.9.1.tgz",
      "integrity": "sha512-UVVWTwhKuyEEW+8HoOqrl2No1ZMvUJxoyJlrtF6gpAJlg1naE2OAl3c/rP4dPZCrF/3Yf11a74adMm2x4RU/OQ=="
    },
    "bluebird": {
      "version": "3.5.0",
      "resolved": "https://registry.npmjs.org/bluebird/-/bluebird-3.5.0.tgz",
      "integrity": "sha1-eRQg1/VR7qKJdFOop3ZT+WYG1nw="
    },
    "denque": {
      "version": "https://registry.npmjs.org/denque/-/denque-1.2.1.tgz",
      "integrity": "sha1-P3q6qHrQQ54D5bq2jED/hrrZvqI="
    },
    "docopt": {
      "version": "https://registry.npmjs.org/docopt/-/docopt-0.6.2.tgz",
      "integrity": "sha1-so6eIiDaXsSffqW7JKR3h0Be6xE="
    },
    "fluture": {
      "version": "https://registry.npmjs.org/fluture/-/fluture-7.0.1.tgz",
      "integrity": "sha1-I1/n4Rf+CV8sJlxifyafW4x9x0g=",
      "requires": {
        "concurrify": "https://registry.npmjs.org/concurrify/-/concurrify-1.0.1.tgz",
        "denque": "https://registry.npmjs.org/denque/-/denque-1.2.1.tgz",
        "inspect-f": "https://registry.npmjs.org/inspect-f/-/inspect-f-1.2.1.tgz",
        "sanctuary-type-classes": "https://registry.npmjs.org/sanctuary-type-classes/-/sanctuary-type-classes-6.0.0.tgz",
        "sanctuary-type-identifiers": "https://registry.npmjs.org/sanctuary-type-identifiers/-/sanctuary-type-identifiers-2.0.1.tgz"
      },
      "dependencies": {
        "concurrify": {
          "version": "https://registry.npmjs.org/concurrify/-/concurrify-1.0.1.tgz",
          "integrity": "sha1-H+vktGFdSobuKTo5cT/61f65aB4=",
          "requires": {
            "sanctuary-type-classes": "https://registry.npmjs.org/sanctuary-type-classes/-/sanctuary-type-classes-6.0.0.tgz",
            "sanctuary-type-identifiers": "https://registry.npmjs.org/sanctuary-type-identifiers/-/sanctuary-type-identifiers-2.0.1.tgz"
          }
        },
        "sanctuary-type-classes": {
          "version": "https://registry.npmjs.org/sanctuary-type-classes/-/sanctuary-type-classes-6.0.0.tgz",
          "integrity": "sha1-HbP4wSR94BhHHpeP5JVqA+ti9GQ=",
          "requires": {
            "sanctuary-type-identifiers": "https://registry.npmjs.org/sanctuary-type-identifiers/-/sanctuary-type-identifiers-1.0.0.tgz"
          },
          "dependencies": {
            "sanctuary-type-identifiers": {
              "version": "https://registry.npmjs.org/sanctuary-type-identifiers/-/sanctuary-type-identifiers-1.0.0.tgz",
              "integrity": "sha1-6PNZ8AbLXmJM+4RkYD/BFGCL3p8="
            }
          }
        },
        "sanctuary-type-identifiers": {
          "version": "https://registry.npmjs.org/sanctuary-type-identifiers/-/sanctuary-type-identifiers-2.0.1.tgz",
          "integrity": "sha1-/FJM9t2Szr/LsN2VCe/xkxWaIO0="
        }
      }
    },
    "inspect-f": {
      "version": "https://registry.npmjs.org/inspect-f/-/inspect-f-1.2.1.tgz",
      "integrity": "sha1-EXVztd9XpQneb+QBEx1Ca6wVkrU="
    },
    "typescript": {
      "version": "2.5.3",
      "resolved": "https://registry.npmjs.org/typescript/-/typescript-2.5.3.tgz",
      "integrity": "sha512-ptLSQs2S4QuS6/OD1eAKG+S5G8QQtrU5RT32JULdZQtM1L3WTi34Wsu48Yndzi8xsObRAB9RPt/KhA9wlpEF6w==",
      "dev": true
    }
  }
}
